{
    "version": 3,
    "terraform_version": "0.11.14",
    "serial": 2,
    "lineage": "34ad25d8-23d2-55ba-a5ba-0a663043d930",
    "modules": [
        {
            "path": [
                "root"
            ],
            "outputs": {
                "Public IP": {
                    "sensitive": false,
                    "type": "string",
                    "value": "52.207.93.79"
                }
            },
            "resources": {
                "aws_eip.elastic_ip": {
                    "type": "aws_eip",
                    "depends_on": [
                        "aws_instance.ec2"
                    ],
                    "primary": {
                        "id": "eipalloc-0c516bbdc2b3a3da8",
                        "attributes": {
                            "association_id": "eipassoc-043711e684fa78a99",
                            "domain": "vpc",
                            "id": "eipalloc-0c516bbdc2b3a3da8",
                            "instance": "i-0b906ecbc1dde1a03",
                            "network_interface": "eni-072c4d58e538f404e",
                            "private_dns": "ip-172-31-90-65.ec2.internal",
                            "private_ip": "172.31.90.65",
                            "public_dns": "ec2-52-207-93-79.compute-1.amazonaws.com",
                            "public_ip": "52.207.93.79",
                            "public_ipv4_pool": "amazon",
                            "tags.%": "0",
                            "vpc": "true"
                        },
                        "meta": {
                            "e2bfb730-ecaa-11e6-8f88-34363bc7c4c0": {
                                "delete": 180000000000,
                                "read": 900000000000,
                                "update": 300000000000
                            }
                        },
                        "tainted": false
                    },
                    "deposed": [],
                    "provider": "provider.aws"
                },
                "aws_instance.ec2": {
                    "type": "aws_instance",
                    "depends_on": [],
                    "primary": {
                        "id": "i-0b906ecbc1dde1a03",
                        "attributes": {
                            "ami": "ami-062f7200baf2fa504",
                            "arn": "arn:aws:ec2:us-east-1:691523644219:instance/i-0b906ecbc1dde1a03",
                            "associate_public_ip_address": "true",
                            "availability_zone": "us-east-1d",
                            "cpu_core_count": "1",
                            "cpu_threads_per_core": "1",
                            "credit_specification.#": "1",
                            "credit_specification.0.cpu_credits": "standard",
                            "disable_api_termination": "false",
                            "ebs_block_device.#": "0",
                            "ebs_optimized": "false",
                            "ephemeral_block_device.#": "0",
                            "get_password_data": "false",
                            "iam_instance_profile": "",
                            "id": "i-0b906ecbc1dde1a03",
                            "instance_state": "running",
                            "instance_type": "t2.micro",
                            "ipv6_address_count": "0",
                            "ipv6_addresses.#": "0",
                            "key_name": "",
                            "monitoring": "false",
                            "network_interface.#": "0",
                            "password_data": "",
                            "placement_group": "",
                            "primary_network_interface_id": "eni-072c4d58e538f404e",
                            "private_dns": "ip-172-31-90-65.ec2.internal",
                            "private_ip": "172.31.90.65",
                            "public_dns": "ec2-54-89-214-83.compute-1.amazonaws.com",
                            "public_ip": "54.89.214.83",
                            "root_block_device.#": "1",
                            "root_block_device.0.delete_on_termination": "true",
                            "root_block_device.0.encrypted": "false",
                            "root_block_device.0.iops": "100",
                            "root_block_device.0.kms_key_id": "",
                            "root_block_device.0.volume_id": "vol-0730d2a85779a8cd1",
                            "root_block_device.0.volume_size": "8",
                            "root_block_device.0.volume_type": "gp2",
                            "security_groups.#": "1",
                            "security_groups.3814588639": "default",
                            "source_dest_check": "true",
                            "subnet_id": "subnet-e651b6c7",
                            "tags.%": "1",
                            "tags.Name": "Public IP",
                            "tenancy": "default",
                            "volume_tags.%": "0",
                            "vpc_security_group_ids.#": "1",
                            "vpc_security_group_ids.1972095325": "sg-2b58bd00"
                        },
                        "meta": {
                            "e2bfb730-ecaa-11e6-8f88-34363bc7c4c0": {
                                "create": 600000000000,
                                "delete": 1200000000000,
                                "update": 600000000000
                            },
                            "schema_version": "1"
                        },
                        "tainted": false
                    },
                    "deposed": [],
                    "provider": "provider.aws"
                }
            },
            "depends_on": []
        }
    ]
}
