{
    "version": 3,
    "terraform_version": "0.11.14",
    "serial": 2,
    "lineage": "b1a4c9ff-d0f3-3922-eba7-59a51b0e4de8",
    "modules": [
        {
            "path": [
                "root"
            ],
            "outputs": {
                "VPCID": {
                    "sensitive": false,
                    "type": "string",
                    "value": "vpc-0a8a6f09d38b1d93b"
                }
            },
            "resources": {
                "aws_vpc.myfirstvpc": {
                    "type": "aws_vpc",
                    "depends_on": [],
                    "primary": {
                        "id": "vpc-0a8a6f09d38b1d93b",
                        "attributes": {
                            "arn": "arn:aws:ec2:us-east-1:691523644219:vpc/vpc-0a8a6f09d38b1d93b",
                            "assign_generated_ipv6_cidr_block": "false",
                            "cidr_block": "10.0.0.0/16",
                            "default_network_acl_id": "acl-0fec10b3c956e8fd8",
                            "default_route_table_id": "rtb-0dc99151f70e51505",
                            "default_security_group_id": "sg-0f56a896bf1d67c0f",
                            "dhcp_options_id": "dopt-6fb86915",
                            "enable_classiclink": "false",
                            "enable_classiclink_dns_support": "false",
                            "enable_dns_hostnames": "false",
                            "enable_dns_support": "true",
                            "id": "vpc-0a8a6f09d38b1d93b",
                            "instance_tenancy": "default",
                            "ipv6_association_id": "",
                            "ipv6_cidr_block": "",
                            "main_route_table_id": "rtb-0dc99151f70e51505",
                            "owner_id": "691523644219",
                            "tags.%": "0"
                        },
                        "meta": {
                            "schema_version": "1"
                        },
                        "tainted": false
                    },
                    "deposed": [],
                    "provider": "provider.aws"
                }
            },
            "depends_on": []
        }
    ]
}
