{
    "version": 3,
    "terraform_version": "0.11.14",
    "serial": 2,
    "lineage": "28b61ae0-8788-da9f-0f03-df33aeae6077",
    "modules": [
        {
            "path": [
                "root"
            ],
            "outputs": {},
            "resources": {
                "aws_instance.db": {
                    "type": "aws_instance",
                    "depends_on": [],
                    "primary": {
                        "id": "i-09ce57106ff1b30b5",
                        "attributes": {
                            "ami": "ami-062f7200baf2fa504",
                            "arn": "arn:aws:ec2:us-east-1:691523644219:instance/i-09ce57106ff1b30b5",
                            "associate_public_ip_address": "true",
                            "availability_zone": "us-east-1d",
                            "cpu_core_count": "1",
                            "cpu_threads_per_core": "1",
                            "credit_specification.#": "1",
                            "credit_specification.0.cpu_credits": "standard",
                            "disable_api_termination": "false",
                            "ebs_block_device.#": "0",
                            "ebs_optimized": "false",
                            "ephemeral_block_device.#": "0",
                            "get_password_data": "false",
                            "hibernation": "false",
                            "iam_instance_profile": "",
                            "id": "i-09ce57106ff1b30b5",
                            "instance_state": "running",
                            "instance_type": "t2.micro",
                            "ipv6_address_count": "0",
                            "ipv6_addresses.#": "0",
                            "key_name": "",
                            "monitoring": "false",
                            "network_interface.#": "0",
                            "password_data": "",
                            "placement_group": "",
                            "primary_network_interface_id": "eni-0fe886897f9621b2b",
                            "private_dns": "ip-172-31-86-140.ec2.internal",
                            "private_ip": "172.31.86.140",
                            "public_dns": "ec2-54-146-184-149.compute-1.amazonaws.com",
                            "public_ip": "54.146.184.149",
                            "root_block_device.#": "1",
                            "root_block_device.0.delete_on_termination": "true",
                            "root_block_device.0.encrypted": "false",
                            "root_block_device.0.iops": "100",
                            "root_block_device.0.kms_key_id": "",
                            "root_block_device.0.volume_id": "vol-0a74c72160a0ce03e",
                            "root_block_device.0.volume_size": "8",
                            "root_block_device.0.volume_type": "gp2",
                            "security_groups.#": "1",
                            "security_groups.3814588639": "default",
                            "source_dest_check": "true",
                            "subnet_id": "subnet-e651b6c7",
                            "tags.%": "1",
                            "tags.Name": "DB Server",
                            "tenancy": "default",
                            "volume_tags.%": "0",
                            "vpc_security_group_ids.#": "1",
                            "vpc_security_group_ids.1972095325": "sg-2b58bd00"
                        },
                        "meta": {
                            "e2bfb730-ecaa-11e6-8f88-34363bc7c4c0": {
                                "create": 600000000000,
                                "delete": 1200000000000,
                                "update": 600000000000
                            },
                            "schema_version": "1"
                        },
                        "tainted": false
                    },
                    "deposed": [],
                    "provider": "provider.aws"
                },
                "aws_instance.myec2": {
                    "type": "aws_instance",
                    "depends_on": [
                        "aws_instance.db"
                    ],
                    "primary": {
                        "id": "i-03e37b8b6cc0c9bde",
                        "attributes": {
                            "ami": "ami-062f7200baf2fa504",
                            "arn": "arn:aws:ec2:us-east-1:691523644219:instance/i-03e37b8b6cc0c9bde",
                            "associate_public_ip_address": "true",
                            "availability_zone": "us-east-1d",
                            "cpu_core_count": "1",
                            "cpu_threads_per_core": "1",
                            "credit_specification.#": "1",
                            "credit_specification.0.cpu_credits": "standard",
                            "disable_api_termination": "false",
                            "ebs_block_device.#": "0",
                            "ebs_optimized": "false",
                            "ephemeral_block_device.#": "0",
                            "get_password_data": "false",
                            "hibernation": "false",
                            "iam_instance_profile": "",
                            "id": "i-03e37b8b6cc0c9bde",
                            "instance_state": "running",
                            "instance_type": "t2.micro",
                            "ipv6_address_count": "0",
                            "ipv6_addresses.#": "0",
                            "key_name": "",
                            "monitoring": "false",
                            "network_interface.#": "0",
                            "password_data": "",
                            "placement_group": "",
                            "primary_network_interface_id": "eni-045b79689ed4a5316",
                            "private_dns": "ip-172-31-94-98.ec2.internal",
                            "private_ip": "172.31.94.98",
                            "public_dns": "ec2-3-87-188-178.compute-1.amazonaws.com",
                            "public_ip": "3.87.188.178",
                            "root_block_device.#": "1",
                            "root_block_device.0.delete_on_termination": "true",
                            "root_block_device.0.encrypted": "false",
                            "root_block_device.0.iops": "100",
                            "root_block_device.0.kms_key_id": "",
                            "root_block_device.0.volume_id": "vol-014ae010e63b3f11c",
                            "root_block_device.0.volume_size": "8",
                            "root_block_device.0.volume_type": "gp2",
                            "security_groups.#": "1",
                            "security_groups.3814588639": "default",
                            "source_dest_check": "true",
                            "subnet_id": "subnet-e651b6c7",
                            "tags.%": "1",
                            "tags.Name": "Web Server",
                            "tenancy": "default",
                            "volume_tags.%": "0",
                            "vpc_security_group_ids.#": "1",
                            "vpc_security_group_ids.1972095325": "sg-2b58bd00"
                        },
                        "meta": {
                            "e2bfb730-ecaa-11e6-8f88-34363bc7c4c0": {
                                "create": 600000000000,
                                "delete": 1200000000000,
                                "update": 600000000000
                            },
                            "schema_version": "1"
                        },
                        "tainted": false
                    },
                    "deposed": [],
                    "provider": "provider.aws"
                }
            },
            "depends_on": []
        }
    ]
}
