{
    "version": 3,
    "terraform_version": "0.11.14",
    "serial": 2,
    "lineage": "73b102ba-39cf-e2ad-ef83-0fc885a4a3d4",
    "modules": [
        {
            "path": [
                "root"
            ],
            "outputs": {},
            "resources": {
                "aws_vpc.myvpc": {
                    "type": "aws_vpc",
                    "depends_on": [],
                    "primary": {
                        "id": "vpc-09777d0bbcebe5011",
                        "attributes": {
                            "arn": "arn:aws:ec2:us-east-1:691523644219:vpc/vpc-09777d0bbcebe5011",
                            "assign_generated_ipv6_cidr_block": "false",
                            "cidr_block": "192.168.0.0/24",
                            "default_network_acl_id": "acl-0d9b86c38c624c93a",
                            "default_route_table_id": "rtb-0bfe648be1ca83675",
                            "default_security_group_id": "sg-04fb1c17701dbe5ae",
                            "dhcp_options_id": "dopt-6fb86915",
                            "enable_classiclink": "false",
                            "enable_classiclink_dns_support": "false",
                            "enable_dns_hostnames": "false",
                            "enable_dns_support": "true",
                            "id": "vpc-09777d0bbcebe5011",
                            "instance_tenancy": "default",
                            "ipv6_association_id": "",
                            "ipv6_cidr_block": "",
                            "main_route_table_id": "rtb-0bfe648be1ca83675",
                            "owner_id": "691523644219",
                            "tags.%": "2",
                            "tags.Environment": "Testing",
                            "tags.Name": "TerraformVPC"
                        },
                        "meta": {
                            "schema_version": "1"
                        },
                        "tainted": false
                    },
                    "deposed": [],
                    "provider": "provider.aws"
                }
            },
            "depends_on": []
        }
    ]
}
