{
    "version": 3,
    "terraform_version": "0.11.14",
    "serial": 2,
    "lineage": "c37a0bf2-3ae7-7b4d-f02f-4b6e84544754",
    "modules": [
        {
            "path": [
                "root"
            ],
            "outputs": {},
            "resources": {
                "aws_iam_user.mainUser": {
                    "type": "aws_iam_user",
                    "depends_on": [],
                    "primary": {
                        "id": "MainUser",
                        "attributes": {
                            "arn": "arn:aws:iam::691523644219:user/MainUser",
                            "force_destroy": "false",
                            "id": "MainUser",
                            "name": "MainUser",
                            "path": "/",
                            "tags.%": "0",
                            "unique_id": "AIDA2CAQFNM5UI562GQCI"
                        },
                        "meta": {},
                        "tainted": false
                    },
                    "deposed": [],
                    "provider": "provider.aws"
                }
            },
            "depends_on": []
        },
        {
            "path": [
                "root",
                "ec2module"
            ],
            "outputs": {},
            "resources": {
                "aws_instance.module_EC2": {
                    "type": "aws_instance",
                    "depends_on": [],
                    "primary": {
                        "id": "i-0e01577cbd92f194a",
                        "attributes": {
                            "ami": "ami-062f7200baf2fa504",
                            "arn": "arn:aws:ec2:us-east-1:691523644219:instance/i-0e01577cbd92f194a",
                            "associate_public_ip_address": "true",
                            "availability_zone": "us-east-1b",
                            "cpu_core_count": "1",
                            "cpu_threads_per_core": "1",
                            "credit_specification.#": "1",
                            "credit_specification.0.cpu_credits": "standard",
                            "disable_api_termination": "false",
                            "ebs_block_device.#": "0",
                            "ebs_optimized": "false",
                            "ephemeral_block_device.#": "0",
                            "get_password_data": "false",
                            "iam_instance_profile": "",
                            "id": "i-0e01577cbd92f194a",
                            "instance_state": "running",
                            "instance_type": "t2.micro",
                            "ipv6_address_count": "0",
                            "ipv6_addresses.#": "0",
                            "key_name": "",
                            "monitoring": "false",
                            "network_interface.#": "0",
                            "password_data": "",
                            "placement_group": "",
                            "primary_network_interface_id": "eni-05e24115bbd3236a6",
                            "private_dns": "ip-172-31-36-172.ec2.internal",
                            "private_ip": "172.31.36.172",
                            "public_dns": "ec2-3-84-133-109.compute-1.amazonaws.com",
                            "public_ip": "3.84.133.109",
                            "root_block_device.#": "1",
                            "root_block_device.0.delete_on_termination": "true",
                            "root_block_device.0.encrypted": "false",
                            "root_block_device.0.iops": "100",
                            "root_block_device.0.kms_key_id": "",
                            "root_block_device.0.volume_id": "vol-0408ccd70b9d830bd",
                            "root_block_device.0.volume_size": "8",
                            "root_block_device.0.volume_type": "gp2",
                            "security_groups.#": "1",
                            "security_groups.3814588639": "default",
                            "source_dest_check": "true",
                            "subnet_id": "subnet-046e8b5b",
                            "tags.%": "1",
                            "tags.Name": "My first module",
                            "tenancy": "default",
                            "volume_tags.%": "0",
                            "vpc_security_group_ids.#": "1",
                            "vpc_security_group_ids.1972095325": "sg-2b58bd00"
                        },
                        "meta": {
                            "e2bfb730-ecaa-11e6-8f88-34363bc7c4c0": {
                                "create": 600000000000,
                                "delete": 1200000000000,
                                "update": 600000000000
                            },
                            "schema_version": "1"
                        },
                        "tainted": false
                    },
                    "deposed": [],
                    "provider": "provider.aws"
                }
            },
            "depends_on": []
        }
    ]
}
